
Microsoft Visual Studio Solution File, Format Version 12.00
# Visual Studio 2013
VisualStudioVersion = 12.0.40629.0
MinimumVisualStudioVersion = 10.0.40219.1
Project("{FAE04EC0-301F-11D3-BF4B-00C04F79EFBC}") = "RTMAdapterCS", "RTMAdapterCS\RTMAdapterCS.csproj", "{89D9611D-E6E6-48F1-90AB-64F78D8397BF}"
EndProject
Project("{FAE04EC0-301F-11D3-BF4B-00C04F79EFBC}") = "RTCTestCS", "RTCTestCS\RTCTestCS.csproj", "{5665986E-9775-4F68-9192-688EDA91D13A}"
	ProjectSection(ProjectDependencies) = postProject
		{89D9611D-E6E6-48F1-90AB-64F78D8397BF} = {89D9611D-E6E6-48F1-90AB-64F78D8397BF}
	EndProjectSection
EndProject
Global
	GlobalSection(SolutionConfigurationPlatforms) = preSolution
		Debug|Any CPU = Debug|Any CPU
		Release|Any CPU = Release|Any CPU
	EndGlobalSection
	GlobalSection(ProjectConfigurationPlatforms) = postSolution
		{89D9611D-E6E6-48F1-90AB-64F78D8397BF}.Debug|Any CPU.ActiveCfg = Debug|Any CPU
		{89D9611D-E6E6-48F1-90AB-64F78D8397BF}.Debug|Any CPU.Build.0 = Debug|Any CPU
		{89D9611D-E6E6-48F1-90AB-64F78D8397BF}.Release|Any CPU.ActiveCfg = Release|Any CPU
		{89D9611D-E6E6-48F1-90AB-64F78D8397BF}.Release|Any CPU.Build.0 = Release|Any CPU
		{5665986E-9775-4F68-9192-688EDA91D13A}.Debug|Any CPU.ActiveCfg = Debug|Any CPU
		{5665986E-9775-4F68-9192-688EDA91D13A}.Debug|Any CPU.Build.0 = Debug|Any CPU
		{5665986E-9775-4F68-9192-688EDA91D13A}.Release|Any CPU.ActiveCfg = Release|Any CPU
		{5665986E-9775-4F68-9192-688EDA91D13A}.Release|Any CPU.Build.0 = Release|Any CPU
	EndGlobalSection
	GlobalSection(SolutionProperties) = preSolution
		HideSolutionNode = FALSE
	EndGlobalSection
EndGlobal
